
Microsoft Visual Studio Solution File, Format Version 12.00
# Visual Studio Version 17
VisualStudioVersion = 17.8.34525.116
MinimumVisualStudioVersion = 10.0.40219.1
Project("{FAE04EC0-301F-11D3-BF4B-00C04F79EFBC}") = "Sis_GestionActivos", "Sis_GestionActivos.csproj", "{43965825-E9FB-4451-AB23-DF1D0641B018}"
EndProject
Project("{FAE04EC0-301F-11D3-BF4B-00C04F79EFBC}") = "Sol_Componentes", "Sol_Componentes\Sol_Componentes.csproj", "{B47A3052-B415-402B-8CBA-B6C9BB5165EC}"
EndProject
Global
	GlobalSection(SolutionConfigurationPlatforms) = preSolution
		Debug|Any CPU = Debug|Any CPU
		Release|Any CPU = Release|Any CPU
	EndGlobalSection
	GlobalSection(ProjectConfigurationPlatforms) = postSolution
		{43965825-E9FB-4451-AB23-DF1D0641B018}.Debug|Any CPU.ActiveCfg = Debug|Any CPU
		{43965825-E9FB-4451-AB23-DF1D0641B018}.Debug|Any CPU.Build.0 = Debug|Any CPU
		{43965825-E9FB-4451-AB23-DF1D0641B018}.Release|Any CPU.ActiveCfg = Release|Any CPU
		{43965825-E9FB-4451-AB23-DF1D0641B018}.Release|Any CPU.Build.0 = Release|Any CPU
		{B47A3052-B415-402B-8CBA-B6C9BB5165EC}.Debug|Any CPU.ActiveCfg = Debug|Any CPU
		{B47A3052-B415-402B-8CBA-B6C9BB5165EC}.Debug|Any CPU.Build.0 = Debug|Any CPU
		{B47A3052-B415-402B-8CBA-B6C9BB5165EC}.Release|Any CPU.ActiveCfg = Release|Any CPU
		{B47A3052-B415-402B-8CBA-B6C9BB5165EC}.Release|Any CPU.Build.0 = Release|Any CPU
	EndGlobalSection
	GlobalSection(SolutionProperties) = preSolution
		HideSolutionNode = FALSE
	EndGlobalSection
	GlobalSection(ExtensibilityGlobals) = postSolution
		SolutionGuid = {A391E7E0-A675-4201-A3DB-481019E5F1C4}
	EndGlobalSection
EndGlobal
